// !$*UTF8*$!
{
	archiveVersion = 1;
	classes = {
	};
	objectVersion = 50;
	objects = {

/* Begin PBXBuildFile section */
		DA93DF23241027B000FD0AE0 /* AppDelegate.swift in Sources */ = {isa = PBXBuildFile; fileRef = DA93DF22241027B000FD0AE0 /* AppDelegate.swift */; };
		DA93DF25241027B000FD0AE0 /* SceneDelegate.swift in Sources */ = {isa = PBXBuildFile; fileRef = DA93DF24241027B000FD0AE0 /* SceneDelegate.swift */; };
		DA93DF27241027B000FD0AE0 /* ViewController.swift in Sources */ = {isa = PBXBuildFile; fileRef = DA93DF26241027B000FD0AE0 /* ViewController.swift */; };
		DA93DF2A241027B000FD0AE0 /* Main.storyboard in Resources */ = {isa = PBXBuildFile; fileRef = DA93DF28241027B000FD0AE0 /* Main.storyboard */; };
		DA93DF2C241027B400FD0AE0 /* Assets.xcassets in Resources */ = {isa = PBXBuildFile; fileRef = DA93DF2B241027B400FD0AE0 /* Assets.xcassets */; };
		DA93DF2F241027B400FD0AE0 /* LaunchScreen.storyboard in Resources */ = {isa = PBXBuildFile; fileRef = DA93DF2D241027B400FD0AE0 /* LaunchScreen.storyboard */; };
		DA93DF3A241027B400FD0AE0 /* AppListaDeFrutasTests.swift in Sources */ = {isa = PBXBuildFile; fileRef = DA93DF39241027B400FD0AE0 /* AppListaDeFrutasTests.swift */; };
		DA93DF45241027B400FD0AE0 /* AppListaDeFrutasUITests.swift in Sources */ = {isa = PBXBuildFile; fileRef = DA93DF44241027B400FD0AE0 /* AppListaDeFrutasUITests.swift */; };
		DA9BD5CB2417D47800B55384 /* DescriptionViewController.swift in Sources */ = {isa = PBXBuildFile; fileRef = DA9BD5CA2417D47800B55384 /* DescriptionViewController.swift */; };
		DA9BD5D22418233800B55384 /* FruitTableViewCell.swift in Sources */ = {isa = PBXBuildFile; fileRef = DA9BD5D02418233800B55384 /* FruitTableViewCell.swift */; };
		DA9BD5D32418233800B55384 /* FruitTableViewCell.xib in Resources */ = {isa = PBXBuildFile; fileRef = DA9BD5D12418233800B55384 /* FruitTableViewCell.xib */; };
/* End PBXBuildFile section */

/* Begin PBXContainerItemProxy section */
		DA93DF36241027B400FD0AE0 /* PBXContainerItemProxy */ = {
			isa = PBXContainerItemProxy;
			containerPortal = DA93DF17241027B000FD0AE0 /* Project object */;
			proxyType = 1;
			remoteGlobalIDString = DA93DF1E241027B000FD0AE0;
			remoteInfo = AppListaDeFrutas;
		};
		DA93DF41241027B400FD0AE0 /* PBXContainerItemProxy */ = {
			isa = PBXContainerItemProxy;
			containerPortal = DA93DF17241027B000FD0AE0 /* Project object */;
			proxyType = 1;
			remoteGlobalIDString = DA93DF1E241027B000FD0AE0;
			remoteInfo = AppListaDeFrutas;
		};
/* End PBXContainerItemProxy section */

/* Begin PBXFileReference section */
		DA93DF1F241027B000FD0AE0 /* Lista de Frutas.app */ = {isa = PBXFileReference; explicitFileType = wrapper.application; includeInIndex = 0; path = "Lista de Frutas.app"; sourceTree = BUILT_PRODUCTS_DIR; };
		DA93DF22241027B000FD0AE0 /* AppDelegate.swift */ = {isa = PBXFileReference; lastKnownFileType = sourcecode.swift; path = AppDelegate.swift; sourceTree = "<group>"; };
		DA93DF24241027B000FD0AE0 /* SceneDelegate.swift */ = {isa = PBXFileReference; lastKnownFileType = sourcecode.swift; path = SceneDelegate.swift; sourceTree = "<group>"; };
		DA93DF26241027B000FD0AE0 /* ViewController.swift */ = {isa = PBXFileReference; lastKnownFileType = sourcecode.swift; path = ViewController.swift; sourceTree = "<group>"; };
		DA93DF29241027B000FD0AE0 /* Base */ = {isa = PBXFileReference; lastKnownFileType = file.storyboard; name = Base; path = Base.lproj/Main.storyboard; sourceTree = "<group>"; };
		DA93DF2B241027B400FD0AE0 /* Assets.xcassets */ = {isa = PBXFileReference; lastKnownFileType = folder.assetcatalog; path = Assets.xcassets; sourceTree = "<group>"; };
		DA93DF2E241027B400FD0AE0 /* Base */ = {isa = PBXFileReference; lastKnownFileType = file.storyboard; name = Base; path = Base.lproj/LaunchScreen.storyboard; sourceTree = "<group>"; };
		DA93DF30241027B400FD0AE0 /* Info.plist */ = {isa = PBXFileReference; lastKnownFileType = text.plist.xml; path = Info.plist; sourceTree = "<group>"; };
		DA93DF35241027B400FD0AE0 /* AppListaDeFrutasTests.xctest */ = {isa = PBXFileReference; explicitFileType = wrapper.cfbundle; includeInIndex = 0; path = AppListaDeFrutasTests.xctest; sourceTree = BUILT_PRODUCTS_DIR; };
		DA93DF39241027B400FD0AE0 /* AppListaDeFrutasTests.swift */ = {isa = PBXFileReference; lastKnownFileType = sourcecode.swift; path = AppListaDeFrutasTests.swift; sourceTree = "<group>"; };
		DA93DF3B241027B400FD0AE0 /* Info.plist */ = {isa = PBXFileReference; lastKnownFileType = text.plist.xml; path = Info.plist; sourceTree = "<group>"; };
		DA93DF40241027B400FD0AE0 /* AppListaDeFrutasUITests.xctest */ = {isa = PBXFileReference; explicitFileType = wrapper.cfbundle; includeInIndex = 0; path = AppListaDeFrutasUITests.xctest; sourceTree = BUILT_PRODUCTS_DIR; };
		DA93DF44241027B400FD0AE0 /* AppListaDeFrutasUITests.swift */ = {isa = PBXFileReference; lastKnownFileType = sourcecode.swift; path = AppListaDeFrutasUITests.swift; sourceTree = "<group>"; };
		DA93DF46241027B400FD0AE0 /* Info.plist */ = {isa = PBXFileReference; lastKnownFileType = text.plist.xml; path = Info.plist; sourceTree = "<group>"; };
		DA9BD5CA2417D47800B55384 /* DescriptionViewController.swift */ = {isa = PBXFileReference; lastKnownFileType = sourcecode.swift; path = DescriptionViewController.swift; sourceTree = "<group>"; };
		DA9BD5D02418233800B55384 /* FruitTableViewCell.swift */ = {isa = PBXFileReference; lastKnownFileType = sourcecode.swift; path = FruitTableViewCell.swift; sourceTree = "<group>"; };
		DA9BD5D12418233800B55384 /* FruitTableViewCell.xib */ = {isa = PBXFileReference; lastKnownFileType = file.xib; path = FruitTableViewCell.xib; sourceTree = "<group>"; };
/* End PBXFileReference section */

/* Begin PBXFrameworksBuildPhase section */
		DA93DF1C241027B000FD0AE0 /* Frameworks */ = {
			isa = PBXFrameworksBuildPhase;
			buildActionMask = 2147483647;
			files = (
			);
			runOnlyForDeploymentPostprocessing = 0;
		};
		DA93DF32241027B400FD0AE0 /* Frameworks */ = {
			isa = PBXFrameworksBuildPhase;
			buildActionMask = 2147483647;
			files = (
			);
			runOnlyForDeploymentPostprocessing = 0;
		};
		DA93DF3D241027B400FD0AE0 /* Frameworks */ = {
			isa = PBXFrameworksBuildPhase;
			buildActionMask = 2147483647;
			files = (
			);
			runOnlyForDeploymentPostprocessing = 0;
		};
/* End PBXFrameworksBuildPhase section */

/* Begin PBXGroup section */
		DA93DF16241027B000FD0AE0 = {
			isa = PBXGroup;
			children = (
				DA93DF21241027B000FD0AE0 /* AppListaDeFrutas */,
				DA93DF38241027B400FD0AE0 /* AppListaDeFrutasTests */,
				DA93DF43241027B400FD0AE0 /* AppListaDeFrutasUITests */,
				DA93DF20241027B000FD0AE0 /* Products */,
			);
			sourceTree = "<group>";
		};
		DA93DF20241027B000FD0AE0 /* Products */ = {
			isa = PBXGroup;
			children = (
				DA93DF1F241027B000FD0AE0 /* Lista de Frutas.app */,
				DA93DF35241027B400FD0AE0 /* AppListaDeFrutasTests.xctest */,
				DA93DF40241027B400FD0AE0 /* AppListaDeFrutasUITests.xctest */,
			);
			name = Products;
			sourceTree = "<group>";
		};
		DA93DF21241027B000FD0AE0 /* AppListaDeFrutas */ = {
			isa = PBXGroup;
			children = (
				DA93DF22241027B000FD0AE0 /* AppDelegate.swift */,
				DA93DF24241027B000FD0AE0 /* SceneDelegate.swift */,
				DA93DF26241027B000FD0AE0 /* ViewController.swift */,
				DA9BD5CA2417D47800B55384 /* DescriptionViewController.swift */,
				DA93DF28241027B000FD0AE0 /* Main.storyboard */,
				DA93DF2B241027B400FD0AE0 /* Assets.xcassets */,
				DA93DF2D241027B400FD0AE0 /* LaunchScreen.storyboard */,
				DA93DF30241027B400FD0AE0 /* Info.plist */,
				DA9BD5D02418233800B55384 /* FruitTableViewCell.swift */,
				DA9BD5D12418233800B55384 /* FruitTableViewCell.xib */,
			);
			path = AppListaDeFrutas;
			sourceTree = "<group>";
		};
		DA93DF38241027B400FD0AE0 /* AppListaDeFrutasTests */ = {
			isa = PBXGroup;
			children = (
				DA93DF39241027B400FD0AE0 /* AppListaDeFrutasTests.swift */,
				DA93DF3B241027B400FD0AE0 /* Info.plist */,
			);
			path = AppListaDeFrutasTests;
			sourceTree = "<group>";
		};
		DA93DF43241027B400FD0AE0 /* AppListaDeFrutasUITests */ = {
			isa = PBXGroup;
			children = (
				DA93DF44241027B400FD0AE0 /* AppListaDeFrutasUITests.swift */,
				DA93DF46241027B400FD0AE0 /* Info.plist */,
			);
			path = AppListaDeFrutasUITests;
			sourceTree = "<group>";
		};
/* End PBXGroup section */

/* Begin PBXNativeTarget section */
		DA93DF1E241027B000FD0AE0 /* AppListaDeFrutas */ = {
			isa = PBXNativeTarget;
			buildConfigurationList = DA93DF49241027B400FD0AE0 /* Build configuration list for PBXNativeTarget "AppListaDeFrutas" */;
			buildPhases = (
				DA93DF1B241027B000FD0AE0 /* Sources */,
				DA93DF1C241027B000FD0AE0 /* Frameworks */,
				DA93DF1D241027B000FD0AE0 /* Resources */,
			);
			buildRules = (
			);
			dependencies = (
			);
			name = AppListaDeFrutas;
			productName = AppListaDeFrutas;
			productReference = DA93DF1F241027B000FD0AE0 /* Lista de Frutas.app */;
			productType = "com.apple.product-type.application";
		};
		DA93DF34241027B400FD0AE0 /* AppListaDeFrutasTests */ = {
			isa = PBXNativeTarget;
			buildConfigurationList = DA93DF4C241027B400FD0AE0 /* Build configuration list for PBXNativeTarget "AppListaDeFrutasTests" */;
			buildPhases = (
				DA93DF31241027B400FD0AE0 /* Sources */,
				DA93DF32241027B400FD0AE0 /* Frameworks */,
				DA93DF33241027B400FD0AE0 /* Resources */,
			);
			buildRules = (
			);
			dependencies = (
				DA93DF37241027B400FD0AE0 /* PBXTargetDependency */,
			);
			name = AppListaDeFrutasTests;
			productName = AppListaDeFrutasTests;
			productReference = DA93DF35241027B400FD0AE0 /* AppListaDeFrutasTests.xctest */;
			productType = "com.apple.product-type.bundle.unit-test";
		};
		DA93DF3F241027B400FD0AE0 /* AppListaDeFrutasUITests */ = {
			isa = PBXNativeTarget;
			buildConfigurationList = DA93DF4F241027B400FD0AE0 /* Build configuration list for PBXNativeTarget "AppListaDeFrutasUITests" */;
			buildPhases = (
				DA93DF3C241027B400FD0AE0 /* Sources */,
				DA93DF3D241027B400FD0AE0 /* Frameworks */,
				DA93DF3E241027B400FD0AE0 /* Resources */,
			);
			buildRules = (
			);
			dependencies = (
				DA93DF42241027B400FD0AE0 /* PBXTargetDependency */,
			);
			name = AppListaDeFrutasUITests;
			productName = AppListaDeFrutasUITests;
			productReference = DA93DF40241027B400FD0AE0 /* AppListaDeFrutasUITests.xctest */;
			productType = "com.apple.product-type.bundle.ui-testing";
		};
/* End PBXNativeTarget section */

/* Begin PBXProject section */
		DA93DF17241027B000FD0AE0 /* Project object */ = {
			isa = PBXProject;
			attributes = {
				LastSwiftUpdateCheck = 1130;
				LastUpgradeCheck = 1130;
				ORGANIZATIONNAME = "Tiago Correia De Lima";
				TargetAttributes = {
					DA93DF1E241027B000FD0AE0 = {
						CreatedOnToolsVersion = 11.3.1;
					};
					DA93DF34241027B400FD0AE0 = {
						CreatedOnToolsVersion = 11.3.1;
						TestTargetID = DA93DF1E241027B000FD0AE0;
					};
					DA93DF3F241027B400FD0AE0 = {
						CreatedOnToolsVersion = 11.3.1;
						TestTargetID = DA93DF1E241027B000FD0AE0;
					};
				};
			};
			buildConfigurationList = DA93DF1A241027B000FD0AE0 /* Build configuration list for PBXProject "AppListaDeFrutas" */;
			compatibilityVersion = "Xcode 9.3";
			developmentRegion = en;
			hasScannedForEncodings = 0;
			knownRegions = (
				en,
				Base,
			);
			mainGroup = DA93DF16241027B000FD0AE0;
			productRefGroup = DA93DF20241027B000FD0AE0 /* Products */;
			projectDirPath = "";
			projectRoot = "";
			targets = (
				DA93DF1E241027B000FD0AE0 /* AppListaDeFrutas */,
				DA93DF34241027B400FD0AE0 /* AppListaDeFrutasTests */,
				DA93DF3F241027B400FD0AE0 /* AppListaDeFrutasUITests */,
			);
		};
/* End PBXProject section */

/* Begin PBXResourcesBuildPhase section */
		DA93DF1D241027B000FD0AE0 /* Resources */ = {
			isa = PBXResourcesBuildPhase;
			buildActionMask = 2147483647;
			files = (
				DA93DF2F241027B400FD0AE0 /* LaunchScreen.storyboard in Resources */,
				DA93DF2C241027B400FD0AE0 /* Assets.xcassets in Resources */,
				DA9BD5D32418233800B55384 /* FruitTableViewCell.xib in Resources */,
				DA93DF2A241027B000FD0AE0 /* Main.storyboard in Resources */,
			);
			runOnlyForDeploymentPostprocessing = 0;
		};
		DA93DF33241027B400FD0AE0 /* Resources */ = {
			isa = PBXResourcesBuildPhase;
			buildActionMask = 2147483647;
			files = (
			);
			runOnlyForDeploymentPostprocessing = 0;
		};
		DA93DF3E241027B400FD0AE0 /* Resources */ = {
			isa = PBXResourcesBuildPhase;
			buildActionMask = 2147483647;
			files = (
			);
			runOnlyForDeploymentPostprocessing = 0;
		};
/* End PBXResourcesBuildPhase section */

/* Begin PBXSourcesBuildPhase section */
		DA93DF1B241027B000FD0AE0 /* Sources */ = {
			isa = PBXSourcesBuildPhase;
			buildActionMask = 2147483647;
			files = (
				DA93DF27241027B000FD0AE0 /* ViewController.swift in Sources */,
				DA9BD5D22418233800B55384 /* FruitTableViewCell.swift in Sources */,
				DA9BD5CB2417D47800B55384 /* DescriptionViewController.swift in Sources */,
				DA93DF23241027B000FD0AE0 /* AppDelegate.swift in Sources */,
				DA93DF25241027B000FD0AE0 /* SceneDelegate.swift in Sources */,
			);
			runOnlyForDeploymentPostprocessing = 0;
		};
		DA93DF31241027B400FD0AE0 /* Sources */ = {
			isa = PBXSourcesBuildPhase;
			buildActionMask = 2147483647;
			files = (
				DA93DF3A241027B400FD0AE0 /* AppListaDeFrutasTests.swift in Sources */,
			);
			runOnlyForDeploymentPostprocessing = 0;
		};
		DA93DF3C241027B400FD0AE0 /* Sources */ = {
			isa = PBXSourcesBuildPhase;
			buildActionMask = 2147483647;
			files = (
				DA93DF45241027B400FD0AE0 /* AppListaDeFrutasUITests.swift in Sources */,
			);
			runOnlyForDeploymentPostprocessing = 0;
		};
/* End PBXSourcesBuildPhase section */

/* Begin PBXTargetDependency section */
		DA93DF37241027B400FD0AE0 /* PBXTargetDependency */ = {
			isa = PBXTargetDependency;
			target = DA93DF1E241027B000FD0AE0 /* AppListaDeFrutas */;
			targetProxy = DA93DF36241027B400FD0AE0 /* PBXContainerItemProxy */;
		};
		DA93DF42241027B400FD0AE0 /* PBXTargetDependency */ = {
			isa = PBXTargetDependency;
			target = DA93DF1E241027B000FD0AE0 /* AppListaDeFrutas */;
			targetProxy = DA93DF41241027B400FD0AE0 /* PBXContainerItemProxy */;
		};
/* End PBXTargetDependency section */

/* Begin PBXVariantGroup section */
		DA93DF28241027B000FD0AE0 /* Main.storyboard */ = {
			isa = PBXVariantGroup;
			children = (
				DA93DF29241027B000FD0AE0 /* Base */,
			);
			name = Main.storyboard;
			sourceTree = "<group>";
		};
		DA93DF2D241027B400FD0AE0 /* LaunchScreen.storyboard */ = {
			isa = PBXVariantGroup;
			children = (
				DA93DF2E241027B400FD0AE0 /* Base */,
			);
			name = LaunchScreen.storyboard;
			sourceTree = "<group>";
		};
/* End PBXVariantGroup section */

/* Begin XCBuildConfiguration section */
		DA93DF47241027B400FD0AE0 /* Debug */ = {
			isa = XCBuildConfiguration;
			buildSettings = {
				ALWAYS_SEARCH_USER_PATHS = NO;
				CLANG_ANALYZER_NONNULL = YES;
				CLANG_ANALYZER_NUMBER_OBJECT_CONVERSION = YES_AGGRESSIVE;
				CLANG_CXX_LANGUAGE_STANDARD = "gnu++14";
				CLANG_CXX_LIBRARY = "libc++";
				CLANG_ENABLE_MODULES = YES;
				CLANG_ENABLE_OBJC_ARC = YES;
				CLANG_ENABLE_OBJC_WEAK = YES;
				CLANG_WARN_BLOCK_CAPTURE_AUTORELEASING = YES;
				CLANG_WARN_BOOL_CONVERSION = YES;
				CLANG_WARN_COMMA = YES;
				CLANG_WARN_CONSTANT_CONVERSION = YES;
				CLANG_WARN_DEPRECATED_OBJC_IMPLEMENTATIONS = YES;
				CLANG_WARN_DIRECT_OBJC_ISA_USAGE = YES_ERROR;
				CLANG_WARN_DOCUMENTATION_COMMENTS = YES;
				CLANG_WARN_EMPTY_BODY = YES;
				CLANG_WARN_ENUM_CONVERSION = YES;
				CLANG_WARN_INFINITE_RECURSION = YES;
				CLANG_WARN_INT_CONVERSION = YES;
				CLANG_WARN_NON_LITERAL_NULL_CONVERSION = YES;
				CLANG_WARN_OBJC_IMPLICIT_RETAIN_SELF = YES;
				CLANG_WARN_OBJC_LITERAL_CONVERSION = YES;
				CLANG_WARN_OBJC_ROOT_CLASS = YES_ERROR;
				CLANG_WARN_RANGE_LOOP_ANALYSIS = YES;
				CLANG_WARN_STRICT_PROTOTYPES = YES;
				CLANG_WARN_SUSPICIOUS_MOVE = YES;
				CLANG_WARN_UNGUARDED_AVAILABILITY = YES_AGGRESSIVE;
				CLANG_WARN_UNREACHABLE_CODE = YES;
				CLANG_WARN__DUPLICATE_METHOD_MATCH = YES;
				COPY_PHASE_STRIP = NO;
				DEBUG_INFORMATION_FORMAT = dwarf;
				ENABLE_STRICT_OBJC_MSGSEND = YES;
				ENABLE_TESTABILITY = YES;
				GCC_C_LANGUAGE_STANDARD = gnu11;
				GCC_DYNAMIC_NO_PIC = NO;
				GCC_NO_COMMON_BLOCKS = YES;
				GCC_OPTIMIZATION_LEVEL = 0;
				GCC_PREPROCESSOR_DEFINITIONS = (
					"DEBUG=1",
					"$(inherited)",
				);
				GCC_WARN_64_TO_32_BIT_CONVERSION = YES;
				GCC_WARN_ABOUT_RETURN_TYPE = YES_ERROR;
				GCC_WARN_UNDECLARED_SELECTOR = YES;
				GCC_WARN_UNINITIALIZED_AUTOS = YES_AGGRESSIVE;
				GCC_WARN_UNUSED_FUNCTION = YES;
				GCC_WARN_UNUSED_VARIABLE = YES;
				IPHONEOS_DEPLOYMENT_TARGET = 13.2;
				MTL_ENABLE_DEBUG_INFO = INCLUDE_SOURCE;
				MTL_FAST_MATH = YES;
				ONLY_ACTIVE_ARCH = YES;
				SDKROOT = iphoneos;
				SWIFT_ACTIVE_COMPILATION_CONDITIONS = DEBUG;
				SWIFT_OPTIMIZATION_LEVEL = "-Onone";
			};
			name = Debug;
		};
		DA93DF48241027B400FD0AE0 /* Release */ = {
			isa = XCBuildConfiguration;
			buildSettings = {
				ALWAYS_SEARCH_USER_PATHS = NO;
				CLANG_ANALYZER_NONNULL = YES;
				CLANG_ANALYZER_NUMBER_OBJECT_CONVERSION = YES_AGGRESSIVE;
				CLANG_CXX_LANGUAGE_STANDARD = "gnu++14";
				CLANG_CXX_LIBRARY = "libc++";
				CLANG_ENABLE_MODULES = YES;
				CLANG_ENABLE_OBJC_ARC = YES;
				CLANG_ENABLE_OBJC_WEAK = YES;
				CLANG_WARN_BLOCK_CAPTURE_AUTORELEASING = YES;
				CLANG_WARN_BOOL_CONVERSION = YES;
				CLANG_WARN_COMMA = YES;
				CLANG_WARN_CONSTANT_CONVERSION = YES;
				CLANG_WARN_DEPRECATED_OBJC_IMPLEMENTATIONS = YES;
				CLANG_WARN_DIRECT_OBJC_ISA_USAGE = YES_ERROR;
				CLANG_WARN_DOCUMENTATION_COMMENTS = YES;
				CLANG_WARN_EMPTY_BODY = YES;
				CLANG_WARN_ENUM_CONVERSION = YES;
				CLANG_WARN_INFINITE_RECURSION = YES;
				CLANG_WARN_INT_CONVERSION = YES;
				CLANG_WARN_NON_LITERAL_NULL_CONVERSION = YES;
				CLANG_WARN_OBJC_IMPLICIT_RETAIN_SELF = YES;
				CLANG_WARN_OBJC_LITERAL_CONVERSION = YES;
				CLANG_WARN_OBJC_ROOT_CLASS = YES_ERROR;
				CLANG_WARN_RANGE_LOOP_ANALYSIS = YES;
				CLANG_WARN_STRICT_PROTOTYPES = YES;
				CLANG_WARN_SUSPICIOUS_MOVE = YES;
				CLANG_WARN_UNGUARDED_AVAILABILITY = YES_AGGRESSIVE;
				CLANG_WARN_UNREACHABLE_CODE = YES;
				CLANG_WARN__DUPLICATE_METHOD_MATCH = YES;
				COPY_PHASE_STRIP = NO;
				DEBUG_INFORMATION_FORMAT = "dwarf-with-dsym";
				ENABLE_NS_ASSERTIONS = NO;
				ENABLE_STRICT_OBJC_MSGSEND = YES;
				GCC_C_LANGUAGE_STANDARD = gnu11;
				GCC_NO_COMMON_BLOCKS = YES;
				GCC_WARN_64_TO_32_BIT_CONVERSION = YES;
				GCC_WARN_ABOUT_RETURN_TYPE = YES_ERROR;
				GCC_WARN_UNDECLARED_SELECTOR = YES;
				GCC_WARN_UNINITIALIZED_AUTOS = YES_AGGRESSIVE;
				GCC_WARN_UNUSED_FUNCTION = YES;
				GCC_WARN_UNUSED_VARIABLE = YES;
				IPHONEOS_DEPLOYMENT_TARGET = 13.2;
				MTL_ENABLE_DEBUG_INFO = NO;
				MTL_FAST_MATH = YES;
				SDKROOT = iphoneos;
				SWIFT_COMPILATION_MODE = wholemodule;
				SWIFT_OPTIMIZATION_LEVEL = "-O";
				VALIDATE_PRODUCT = YES;
			};
			name = Release;
		};
		DA93DF4A241027B400FD0AE0 /* Debug */ = {
			isa = XCBuildConfiguration;
			buildSettings = {
				ASSETCATALOG_COMPILER_APPICON_NAME = AppIcon;
				CODE_SIGN_STYLE = Automatic;
				INFOPLIST_FILE = AppListaDeFrutas/Info.plist;
				LD_RUNPATH_SEARCH_PATHS = (
					"$(inherited)",
					"@executable_path/Frameworks",
				);
				PRODUCT_BUNDLE_IDENTIFIER = Tiago.AppListaDeFrutas;
				PRODUCT_NAME = "Lista de Frutas";
				SWIFT_VERSION = 5.0;
				TARGETED_DEVICE_FAMILY = "1,2";
			};
			name = Debug;
		};
		DA93DF4B241027B400FD0AE0 /* Release */ = {
			isa = XCBuildConfiguration;
			buildSettings = {
				ASSETCATALOG_COMPILER_APPICON_NAME = AppIcon;
				CODE_SIGN_STYLE = Automatic;
				INFOPLIST_FILE = AppListaDeFrutas/Info.plist;
				LD_RUNPATH_SEARCH_PATHS = (
					"$(inherited)",
					"@executable_path/Frameworks",
				);
				PRODUCT_BUNDLE_IDENTIFIER = Tiago.AppListaDeFrutas;
				PRODUCT_NAME = "Lista de Frutas";
				SWIFT_VERSION = 5.0;
				TARGETED_DEVICE_FAMILY = "1,2";
			};
			name = Release;
		};
		DA93DF4D241027B400FD0AE0 /* Debug */ = {
			isa = XCBuildConfiguration;
			buildSettings = {
				ALWAYS_EMBED_SWIFT_STANDARD_LIBRARIES = YES;
				BUNDLE_LOADER = "$(TEST_HOST)";
				CODE_SIGN_STYLE = Automatic;
				INFOPLIST_FILE = AppListaDeFrutasTests/Info.plist;
				IPHONEOS_DEPLOYMENT_TARGET = 13.2;
				LD_RUNPATH_SEARCH_PATHS = (
					"$(inherited)",
					"@executable_path/Frameworks",
					"@loader_path/Frameworks",
				);
				PRODUCT_BUNDLE_IDENTIFIER = Tiago.AppListaDeFrutasTests;
				PRODUCT_NAME = "$(TARGET_NAME)";
				SWIFT_VERSION = 5.0;
				TARGETED_DEVICE_FAMILY = "1,2";
				TEST_HOST = "$(BUILT_PRODUCTS_DIR)/AppListaDeFrutas.app/AppListaDeFrutas";
			};
			name = Debug;
		};
		DA93DF4E241027B400FD0AE0 /* Release */ = {
			isa = XCBuildConfiguration;
			buildSettings = {
				ALWAYS_EMBED_SWIFT_STANDARD_LIBRARIES = YES;
				BUNDLE_LOADER = "$(TEST_HOST)";
				CODE_SIGN_STYLE = Automatic;
				INFOPLIST_FILE = AppListaDeFrutasTests/Info.plist;
				IPHONEOS_DEPLOYMENT_TARGET = 13.2;
				LD_RUNPATH_SEARCH_PATHS = (
					"$(inherited)",
					"@executable_path/Frameworks",
					"@loader_path/Frameworks",
				);
				PRODUCT_BUNDLE_IDENTIFIER = Tiago.AppListaDeFrutasTests;
				PRODUCT_NAME = "$(TARGET_NAME)";
				SWIFT_VERSION = 5.0;
				TARGETED_DEVICE_FAMILY = "1,2";
				TEST_HOST = "$(BUILT_PRODUCTS_DIR)/AppListaDeFrutas.app/AppListaDeFrutas";
			};
			name = Release;
		};
		DA93DF50241027B400FD0AE0 /* Debug */ = {
			isa = XCBuildConfiguration;
			buildSettings = {
				ALWAYS_EMBED_SWIFT_STANDARD_LIBRARIES = YES;
				CODE_SIGN_STYLE = Automatic;
				INFOPLIST_FILE = AppListaDeFrutasUITests/Info.plist;
				LD_RUNPATH_SEARCH_PATHS = (
					"$(inherited)",
					"@executable_path/Frameworks",
					"@loader_path/Frameworks",
				);
				PRODUCT_BUNDLE_IDENTIFIER = Tiago.AppListaDeFrutasUITests;
				PRODUCT_NAME = "$(TARGET_NAME)";
				SWIFT_VERSION = 5.0;
				TARGETED_DEVICE_FAMILY = "1,2";
				TEST_TARGET_NAME = AppListaDeFrutas;
			};
			name = Debug;
		};
		DA93DF51241027B400FD0AE0 /* Release */ = {
			isa = XCBuildConfiguration;
			buildSettings = {
				ALWAYS_EMBED_SWIFT_STANDARD_LIBRARIES = YES;
				CODE_SIGN_STYLE = Automatic;
				INFOPLIST_FILE = AppListaDeFrutasUITests/Info.plist;
				LD_RUNPATH_SEARCH_PATHS = (
					"$(inherited)",
					"@executable_path/Frameworks",
					"@loader_path/Frameworks",
				);
				PRODUCT_BUNDLE_IDENTIFIER = Tiago.AppListaDeFrutasUITests;
				PRODUCT_NAME = "$(TARGET_NAME)";
				SWIFT_VERSION = 5.0;
				TARGETED_DEVICE_FAMILY = "1,2";
				TEST_TARGET_NAME = AppListaDeFrutas;
			};
			name = Release;
		};
/* End XCBuildConfiguration section */

/* Begin XCConfigurationList section */
		DA93DF1A241027B000FD0AE0 /* Build configuration list for PBXProject "AppListaDeFrutas" */ = {
			isa = XCConfigurationList;
			buildConfigurations = (
				DA93DF47241027B400FD0AE0 /* Debug */,
				DA93DF48241027B400FD0AE0 /* Release */,
			);
			defaultConfigurationIsVisible = 0;
			defaultConfigurationName = Release;
		};
		DA93DF49241027B400FD0AE0 /* Build configuration list for PBXNativeTarget "AppListaDeFrutas" */ = {
			isa = XCConfigurationList;
			buildConfigurations = (
				DA93DF4A241027B400FD0AE0 /* Debug */,
				DA93DF4B241027B400FD0AE0 /* Release */,
			);
			defaultConfigurationIsVisible = 0;
			defaultConfigurationName = Release;
		};
		DA93DF4C241027B400FD0AE0 /* Build configuration list for PBXNativeTarget "AppListaDeFrutasTests" */ = {
			isa = XCConfigurationList;
			buildConfigurations = (
				DA93DF4D241027B400FD0AE0 /* Debug */,
				DA93DF4E241027B400FD0AE0 /* Release */,
			);
			defaultConfigurationIsVisible = 0;
			defaultConfigurationName = Release;
		};
		DA93DF4F241027B400FD0AE0 /* Build configuration list for PBXNativeTarget "AppListaDeFrutasUITests" */ = {
			isa = XCConfigurationList;
			buildConfigurations = (
				DA93DF50241027B400FD0AE0 /* Debug */,
				DA93DF51241027B400FD0AE0 /* Release */,
			);
			defaultConfigurationIsVisible = 0;
			defaultConfigurationName = Release;
		};
/* End XCConfigurationList section */
	};
	rootObject = DA93DF17241027B000FD0AE0 /* Project object */;
}
